{
  "nodes": {
    "age-secrets": {
      "locked": {
        "lastModified": 1785443943,
        "narHash": "sha256-ZrDZjCk9EFTdqaWwBmlet07Icq7v7B9c77Diz+8vlHA=",
        "ref": "refs/heads/main",
        "rev": "13670549dd168d00b1cf1a3a0fc84417566bc43a",
        "revCount": 16,
        "type": "git",
        "url": "ssh://git@github.com/diwangs/age-secrets.git"
      },
      "original": {
        "type": "git",
        "url": "ssh://git@github.com/diwangs/age-secrets.git"
      }
    },
    "agenix": {
      "inputs": {
        "darwin": [],
        "home-manager": [
          "home-manager"
        ],
        "nixpkgs": [
          "nixpkgs"
        ],
        "systems": "systems"
      },
      "locked": {
        "lastModified": 1770165109,
        "narHash": "sha256-9VnK6Oqai65puVJ4WYtCTvlJeXxMzAp/69HhQuTdl/I=",
        "owner": "ryantm",
        "repo": "agenix",
        "rev": "b027ee29d959fda4b60b57566d64c98a202e0feb",
        "type": "github"
      },
      "original": {
        "owner": "ryantm",
        "repo": "agenix",
        "type": "github"
      }
    },
    "crane": {
      "locked": {
        "lastModified": 1783203018,
        "narHash": "sha256-G6R9IT/xwFuu+CYBWDUAok6AdC4ERC4ZfPPFtEpxnZE=",
        "owner": "ipetkov",
        "repo": "crane",
        "rev": "80db5bdc391be8a1794f6d8a2d56e3a84ebcede2",
        "type": "github"
      },
      "original": {
        "owner": "ipetkov",
        "repo": "crane",
        "type": "github"
      }
    },
    "cua": {
      "inputs": {
        "flake-utils": "flake-utils",
        "nixpkgs": [
          "nixpkgs-stable"
        ]
      },
      "locked": {
        "lastModified": 1782885762,
        "narHash": "sha256-suA2GFRRticzC9BXw/RDzZWQ7IXW0ktS6G8jxaRydkk=",
        "owner": "trycua",
        "repo": "cua",
        "rev": "cb1a64375d444f23c09d08a17c4277c55abfeb69",
        "type": "github"
      },
      "original": {
        "owner": "trycua",
        "ref": "cua-driver-rs-v0.7.0",
        "repo": "cua",
        "type": "github"
      }
    },
    "flake-compat": {
      "flake": false,
      "locked": {
        "lastModified": 1767039857,
        "narHash": "sha256-vNpUSpF5Nuw8xvDLj2KCwwksIbjua2LZCqhV1LNRDns=",
        "owner": "NixOS",
        "repo": "flake-compat",
        "rev": "5edf11c44bc78a0d334f6334cdaf7d60d732daab",
        "type": "github"
      },
      "original": {
        "owner": "NixOS",
        "repo": "flake-compat",
        "type": "github"
      }
    },
    "flake-utils": {
      "inputs": {
        "systems": "systems_2"
      },
      "locked": {
        "lastModified": 1731533236,
        "narHash": "sha256-l0KFg5HjrsfsO/JpG+r7fRrqm12kzFHyUHqHCVpMMbI=",
        "owner": "numtide",
        "repo": "flake-utils",
        "rev": "11707dc2f618dd54ca8739b309ec4fc024de578b",
        "type": "github"
      },
      "original": {
        "owner": "numtide",
        "repo": "flake-utils",
        "type": "github"
      }
    },
    "home-manager": {
      "inputs": {
        "nixpkgs": [
          "nixpkgs"
        ]
      },
      "locked": {
        "lastModified": 1785168662,
        "narHash": "sha256-kGJTc0oEUQuEwV66lSlMxYtOEtpk9N/HS43k+rFAvs8=",
        "owner": "nix-community",
        "repo": "home-manager",
        "rev": "cbb77679b3d992c8b62f884cd3a84af534a28621",
        "type": "github"
      },
      "original": {
        "owner": "nix-community",
        "repo": "home-manager",
        "type": "github"
      }
    },
    "lanzaboote": {
      "inputs": {
        "crane": "crane",
        "nixpkgs": [
          "nixpkgs"
        ],
        "pre-commit": "pre-commit",
        "rust-overlay": "rust-overlay"
      },
      "locked": {
        "lastModified": 1783496806,
        "narHash": "sha256-6B6CQUk1dPc8l/+otaGiYbuX8qeX/0VmSUQ+qSn0/uA=",
        "owner": "nix-community",
        "repo": "lanzaboote",
        "rev": "6183ac79eadb079a1e72fa2c60915601be669100",
        "type": "github"
      },
      "original": {
        "owner": "nix-community",
        "repo": "lanzaboote",
        "rev": "6183ac79eadb079a1e72fa2c60915601be669100",
        "type": "github"
      }
    },
    "nix-flatpak": {
      "locked": {
        "lastModified": 1767983141,
        "narHash": "sha256-7ZCulYUD9RmJIDULTRkGLSW1faMpDlPKcbWJLYHoXcs=",
        "rev": "440818969ac2cbd77bfe025e884d0aa528991374",
        "revCount": 108,
        "type": "tarball",
        "url": "https://api.flakehub.com/f/pinned/gmodena/nix-flatpak/0.7.0/019ba40a-29bd-75f8-bd37-e2b1d2c13015/source.tar.gz"
      },
      "original": {
        "type": "tarball",
        "url": "https://flakehub.com/f/gmodena/nix-flatpak/%2A"
      }
    },
    "nix-vscode-extensions": {
      "inputs": {
        "nixpkgs": [
          "home-manager"
        ]
      },
      "locked": {
        "lastModified": 1785123958,
        "narHash": "sha256-aA8MsHUcw/s65gGVhp1B/0OdnFIQDqnWXdL4g5UIAjs=",
        "owner": "nix-community",
        "repo": "nix-vscode-extensions",
        "rev": "bced02518f7bfc62084db783c19e527541a44b53",
        "type": "github"
      },
      "original": {
        "owner": "nix-community",
        "ref": "master",
        "repo": "nix-vscode-extensions",
        "type": "github"
      }
    },
    "nix-zed-extensions": {
      "inputs": {
        "nixpkgs": [
          "nixpkgs"
        ],
        "rust-overlay": "rust-overlay_2"
      },
      "locked": {
        "lastModified": 1784958178,
        "narHash": "sha256-tBszM4+4R9u9K8F6kHFqiCZbOoi61adVoR8CUibfxZQ=",
        "owner": "DuskSystems",
        "repo": "nix-zed-extensions",
        "rev": "fd7e0edbc9c364987d3cfa0bf9459b6ae99fccc0",
        "type": "github"
      },
      "original": {
        "owner": "DuskSystems",
        "repo": "nix-zed-extensions",
        "type": "github"
      }
    },
    "nixos-hardware": {
      "locked": {
        "lastModified": 1761824787,
        "narHash": "sha256-cH0vVt83ZBafqJzwOl7IHTXo6KA1c1J+8qvMjfARMqI=",
        "rev": "e07b1618c3009195ffbd4749e9b5618511260557",
        "revCount": 2470,
        "type": "tarball",
        "url": "https://api.flakehub.com/f/pinned/NixOS/nixos-hardware/0.1.2470%2Brev-e07b1618c3009195ffbd4749e9b5618511260557/019a3500-fe98-71d0-908c-81c78f5f82cf/source.tar.gz"
      },
      "original": {
        "type": "tarball",
        "url": "https://flakehub.com/f/NixOS/nixos-hardware/%2A"
      }
    },
    "nixpkgs": {
      "locked": {
        "lastModified": 1744536153,
        "narHash": "sha256-awS2zRgF4uTwrOKwwiJcByDzDOdo3Q1rPZbiHQg/N38=",
        "owner": "NixOS",
        "repo": "nixpkgs",
        "rev": "18dd725c29603f582cf1900e0d25f9f1063dbf11",
        "type": "github"
      },
      "original": {
        "owner": "NixOS",
        "ref": "nixpkgs-unstable",
        "repo": "nixpkgs",
        "type": "github"
      }
    },
    "nixpkgs-stable": {
      "locked": {
        "lastModified": 1785104993,
        "narHash": "sha256-eKbrvPoAOFutbYMdbB3r5EQVmFxKv24iKqHPPUXA0gM=",
        "rev": "8623c4c20aa4ca2f5fb81510d2944066c3fb0d96",
        "revCount": 1010491,
        "type": "tarball",
        "url": "https://api.flakehub.com/f/pinned/NixOS/nixpkgs/0.2605.1010491%2Brev-8623c4c20aa4ca2f5fb81510d2944066c3fb0d96/019fa4c0-cefc-73e3-b1c2-e529663abf9e/source.tar.gz"
      },
      "original": {
        "type": "tarball",
        "url": "https://flakehub.com/f/NixOS/nixpkgs/0.2605"
      }
    },
    "nixpkgs_2": {
      "locked": {
        "lastModified": 1785090369,
        "narHash": "sha256-m0pDuRJG7EDo9ri+4Ksu83VsI+PlxNC9lNBfydejce4=",
        "rev": "624af665418d3c65d544145b4d34ad696439570e",
        "revCount": 1042126,
        "type": "tarball",
        "url": "https://api.flakehub.com/f/pinned/NixOS/nixpkgs/0.1.1042126%2Brev-624af665418d3c65d544145b4d34ad696439570e/019fa1cf-40cf-7c70-b618-69ba95bd4fea/source.tar.gz"
      },
      "original": {
        "type": "tarball",
        "url": "https://flakehub.com/f/NixOS/nixpkgs/0.1"
      }
    },
    "pre-commit": {
      "inputs": {
        "flake-compat": "flake-compat",
        "nixpkgs": [
          "lanzaboote",
          "nixpkgs"
        ]
      },
      "locked": {
        "lastModified": 1783008725,
        "narHash": "sha256-jGiy6+sxjNWXSjp25uoJuNfyH9zBK1PEDY0lVoL4ibQ=",
        "owner": "cachix",
        "repo": "git-hooks.nix",
        "rev": "bca82caa46d5ec0f5d422c61fb1e30bc51313cbe",
        "type": "github"
      },
      "original": {
        "owner": "cachix",
        "repo": "git-hooks.nix",
        "type": "github"
      }
    },
    "root": {
      "inputs": {
        "age-secrets": "age-secrets",
        "agenix": "agenix",
        "cua": "cua",
        "home-manager": "home-manager",
        "lanzaboote": "lanzaboote",
        "nix-flatpak": "nix-flatpak",
        "nix-vscode-extensions": "nix-vscode-extensions",
        "nix-zed-extensions": "nix-zed-extensions",
        "nixos-hardware": "nixos-hardware",
        "nixpkgs": "nixpkgs_2",
        "nixpkgs-stable": "nixpkgs-stable",
        "treefmt-nix": "treefmt-nix"
      }
    },
    "rust-overlay": {
      "inputs": {
        "nixpkgs": [
          "lanzaboote",
          "nixpkgs"
        ]
      },
      "locked": {
        "lastModified": 1783488441,
        "narHash": "sha256-jmWf+H3iC/0z7/mmvTovaJx1E/LME1QyHkyk+AFfJPk=",
        "owner": "oxalica",
        "repo": "rust-overlay",
        "rev": "7dc3a177a239ed879c5581a80f6dc246c7e102f1",
        "type": "github"
      },
      "original": {
        "owner": "oxalica",
        "repo": "rust-overlay",
        "type": "github"
      }
    },
    "rust-overlay_2": {
      "inputs": {
        "nixpkgs": "nixpkgs"
      },
      "locked": {
        "lastModified": 1781234414,
        "narHash": "sha256-HdA+P4fKRGOomkewnI/Tww5Wz4xK1O7+hDO90YAsPB4=",
        "owner": "oxalica",
        "repo": "rust-overlay",
        "rev": "1d18bfe3de6244c641ca4e8011186d0981b81d76",
        "type": "github"
      },
      "original": {
        "owner": "oxalica",
        "repo": "rust-overlay",
        "type": "github"
      }
    },
    "systems": {
      "locked": {
        "lastModified": 1681028828,
        "narHash": "sha256-Vy1rq5AaRuLzOxct8nz4T6wlgyUR7zLU309k9mBC768=",
        "owner": "nix-systems",
        "repo": "default",
        "rev": "da67096a3b9bf56a91d16901293e51ba5b49a27e",
        "type": "github"
      },
      "original": {
        "owner": "nix-systems",
        "repo": "default",
        "type": "github"
      }
    },
    "systems_2": {
      "locked": {
        "lastModified": 1681028828,
        "narHash": "sha256-Vy1rq5AaRuLzOxct8nz4T6wlgyUR7zLU309k9mBC768=",
        "owner": "nix-systems",
        "repo": "default",
        "rev": "da67096a3b9bf56a91d16901293e51ba5b49a27e",
        "type": "github"
      },
      "original": {
        "owner": "nix-systems",
        "repo": "default",
        "type": "github"
      }
    },
    "treefmt-nix": {
      "inputs": {
        "nixpkgs": [
          "nixpkgs"
        ]
      },
      "locked": {
        "lastModified": 1784369104,
        "narHash": "sha256-47cxbcZODibHv3rELFQ9vZly0vUNkND/atn/U7HLeb0=",
        "owner": "numtide",
        "repo": "treefmt-nix",
        "rev": "df3c0640565d04a0261253cdd89fce78ec50168a",
        "type": "github"
      },
      "original": {
        "owner": "numtide",
        "repo": "treefmt-nix",
        "type": "github"
      }
    }
  },
  "root": "root",
  "version": 7
}
